PODS:
  - Flutter (1.0.0)
  - flutter_cast_video (0.0.1):
    - Flutter
    - google-cast-sdk-no-bluetooth
  - google-cast-sdk-no-bluetooth (4.4.8):
    - google-cast-sdk-no-bluetooth/Core (= 4.4.8)
    - GTMSessionFetcher/Core (~> 1.0)
    - Protobuf (~> 3.12)
  - google-cast-sdk-no-bluetooth/Core (4.4.8):
    - GTMSessionFetcher/Core (~> 1.0)
    - Protobuf (~> 3.12)
  - GTMSessionFetcher/Core (1.4.0)
  - Protobuf (3.12.0)

DEPENDENCIES:
  - Flutter (from `Flutter`)
  - flutter_cast_video (from `.symlinks/plugins/flutter_cast_video/ios`)

SPEC REPOS:
  trunk:
    - google-cast-sdk-no-bluetooth
    - GTMSessionFetcher
    - Protobuf

EXTERNAL SOURCES:
  Flutter:
    :path: Flutter
  flutter_cast_video:
    :path: ".symlinks/plugins/flutter_cast_video/ios"

SPEC CHECKSUMS:
  Flutter: f04841e97a9d0b0a8025694d0796dd46242b2854
  flutter_cast_video: 70ca8706a8bd0dbd7aadc45441129f4719be2553
  google-cast-sdk-no-bluetooth: d5a60530c72b0907fb302d835952b6cb0ba5f128
  GTMSessionFetcher: 6f5c8abbab8a9bce4bb3f057e317728ec6182b10
  Protobuf: 2793fcd0622a00b546c60e7cbbcc493e043e9bb9

PODFILE CHECKSUM: 5870d1a86cd3531ab0f2db0fd4df716cce679cab

COCOAPODS: 1.12.1
